
Microsoft Visual Studio Solution File, Format Version 12.00
# Visual Studio 2015
Project("{FAE04EC0-301F-11D3-BF4B-00C04F79EFBC}") = "game_Project-master", "game_Project-master.csproj", "{F7D34743-3B77-4C38-09AB-C7D755336374}"
EndProject
Global
	GlobalSection(SolutionConfigurationPlatforms) = preSolution
		Debug|Any CPU = Debug|Any CPU
		Release|Any CPU = Release|Any CPU
	EndGlobalSection
	GlobalSection(ProjectConfigurationPlatforms) = postSolution
		{F7D34743-3B77-4C38-09AB-C7D755336374}.Debug|Any CPU.ActiveCfg = Debug|Any CPU
		{F7D34743-3B77-4C38-09AB-C7D755336374}.Debug|Any CPU.Build.0 = Debug|Any CPU
		{F7D34743-3B77-4C38-09AB-C7D755336374}.Release|Any CPU.ActiveCfg = Release|Any CPU
		{F7D34743-3B77-4C38-09AB-C7D755336374}.Release|Any CPU.Build.0 = Release|Any CPU
	EndGlobalSection
	GlobalSection(SolutionProperties) = preSolution
		HideSolutionNode = FALSE
	EndGlobalSection
EndGlobal
