
Microsoft Visual Studio Solution File, Format Version 12.00
# Visual Studio 15
Project("{FAE04EC0-301F-11D3-BF4B-00C04F79EFBC}") = "game_Project", "Assembly-CSharp.csproj", "{AAEEFD20-9489-9BA2-6C3B-E524A4D01E2E}"
EndProject
Global
	GlobalSection(SolutionConfigurationPlatforms) = preSolution
		Debug|Any CPU = Debug|Any CPU
		Release|Any CPU = Release|Any CPU
	EndGlobalSection
	GlobalSection(ProjectConfigurationPlatforms) = postSolution
		{AAEEFD20-9489-9BA2-6C3B-E524A4D01E2E}.Debug|Any CPU.ActiveCfg = Debug|Any CPU
		{AAEEFD20-9489-9BA2-6C3B-E524A4D01E2E}.Debug|Any CPU.Build.0 = Debug|Any CPU
		{AAEEFD20-9489-9BA2-6C3B-E524A4D01E2E}.Release|Any CPU.ActiveCfg = Release|Any CPU
		{AAEEFD20-9489-9BA2-6C3B-E524A4D01E2E}.Release|Any CPU.Build.0 = Release|Any CPU
	EndGlobalSection
	GlobalSection(SolutionProperties) = preSolution
		HideSolutionNode = FALSE
	EndGlobalSection
EndGlobal
